
Microsoft Visual Studio Solution File, Format Version 12.00
# Visual Studio Version 17
VisualStudioVersion = 17.9.34701.34
MinimumVisualStudioVersion = 10.0.40219.1
Project("{FAE04EC0-301F-11D3-BF4B-00C04F79EFBC}") = "GondorMatyasUsz", "GondorMatyasUsz.csproj", "{B1C353C2-0AEC-40D6-B8F8-1B29CCF7A92D}"
EndProject
Global
	GlobalSection(SolutionConfigurationPlatforms) = preSolution
		Debug|Any CPU = Debug|Any CPU
		Release|Any CPU = Release|Any CPU
	EndGlobalSection
	GlobalSection(ProjectConfigurationPlatforms) = postSolution
		{B1C353C2-0AEC-40D6-B8F8-1B29CCF7A92D}.Debug|Any CPU.ActiveCfg = Debug|Any CPU
		{B1C353C2-0AEC-40D6-B8F8-1B29CCF7A92D}.Debug|Any CPU.Build.0 = Debug|Any CPU
		{B1C353C2-0AEC-40D6-B8F8-1B29CCF7A92D}.Release|Any CPU.ActiveCfg = Release|Any CPU
		{B1C353C2-0AEC-40D6-B8F8-1B29CCF7A92D}.Release|Any CPU.Build.0 = Release|Any CPU
	EndGlobalSection
	GlobalSection(SolutionProperties) = preSolution
		HideSolutionNode = FALSE
	EndGlobalSection
	GlobalSection(ExtensibilityGlobals) = postSolution
		SolutionGuid = {ED406B66-0897-4BEA-8AB2-5AA7DA975B05}
	EndGlobalSection
EndGlobal
