
Microsoft Visual Studio Solution File, Format Version 12.00
# Visual Studio Version 17
VisualStudioVersion = 17.9.34701.34
MinimumVisualStudioVersion = 10.0.40219.1
Project("{FAE04EC0-301F-11D3-BF4B-00C04F79EFBC}") = "GondorMatyasDiak", "GondorMatyasDiak.csproj", "{D871B093-77B7-4922-9368-1F551DAE8499}"
EndProject
Global
	GlobalSection(SolutionConfigurationPlatforms) = preSolution
		Debug|Any CPU = Debug|Any CPU
		Release|Any CPU = Release|Any CPU
	EndGlobalSection
	GlobalSection(ProjectConfigurationPlatforms) = postSolution
		{D871B093-77B7-4922-9368-1F551DAE8499}.Debug|Any CPU.ActiveCfg = Debug|Any CPU
		{D871B093-77B7-4922-9368-1F551DAE8499}.Debug|Any CPU.Build.0 = Debug|Any CPU
		{D871B093-77B7-4922-9368-1F551DAE8499}.Release|Any CPU.ActiveCfg = Release|Any CPU
		{D871B093-77B7-4922-9368-1F551DAE8499}.Release|Any CPU.Build.0 = Release|Any CPU
	EndGlobalSection
	GlobalSection(SolutionProperties) = preSolution
		HideSolutionNode = FALSE
	EndGlobalSection
	GlobalSection(ExtensibilityGlobals) = postSolution
		SolutionGuid = {FD880FA2-7517-4DB5-BDD6-89246DAC1B6A}
	EndGlobalSection
EndGlobal
